
Microsoft Visual Studio Solution File, Format Version 12.00
# Visual Studio Version 17
VisualStudioVersion = 17.0.31521.260
MinimumVisualStudioVersion = 10.0.40219.1
Project("{9A19103F-16F7-4668-BE54-9A1E7A4F7556}") = "SendEmailConsole", "SendEmailConsole.csproj", "{8A6DCF2D-35B6-48CB-ACCD-F17436CE0E9F}"
EndProject
Global
	GlobalSection(SolutionConfigurationPlatforms) = preSolution
		Debug|Any CPU = Debug|Any CPU
		Release|Any CPU = Release|Any CPU
	EndGlobalSection
	GlobalSection(ProjectConfigurationPlatforms) = postSolution
		{8A6DCF2D-35B6-48CB-ACCD-F17436CE0E9F}.Debug|Any CPU.ActiveCfg = Debug|Any CPU
		{8A6DCF2D-35B6-48CB-ACCD-F17436CE0E9F}.Debug|Any CPU.Build.0 = Debug|Any CPU
		{8A6DCF2D-35B6-48CB-ACCD-F17436CE0E9F}.Release|Any CPU.ActiveCfg = Release|Any CPU
		{8A6DCF2D-35B6-48CB-ACCD-F17436CE0E9F}.Release|Any CPU.Build.0 = Release|Any CPU
	EndGlobalSection
	GlobalSection(SolutionProperties) = preSolution
		HideSolutionNode = FALSE
	EndGlobalSection
	GlobalSection(ExtensibilityGlobals) = postSolution
		SolutionGuid = {F7D89628-02E5-4F83-A798-23930E61E984}
	EndGlobalSection
EndGlobal
