
Microsoft Visual Studio Solution File, Format Version 12.00
# Visual Studio Version 17
VisualStudioVersion = 17.0.31521.260
MinimumVisualStudioVersion = 10.0.40219.1
Project("{FAE04EC0-301F-11D3-BF4B-00C04F79EFBC}") = "MyTestWindowsService", "MyTestWindowsService\MyTestWindowsService.csproj", "{616A9357-1AD0-4816-BCA9-848B75825B2D}"
EndProject
Project("{FAE04EC0-301F-11D3-BF4B-00C04F79EFBC}") = "WindowsServiceClient", "WindowsServiceClient\WindowsServiceClient.csproj", "{314980E9-5445-496B-923D-F51CD034C0F3}"
EndProject
Global
	GlobalSection(SolutionConfigurationPlatforms) = preSolution
		Debug|Any CPU = Debug|Any CPU
		Release|Any CPU = Release|Any CPU
	EndGlobalSection
	GlobalSection(ProjectConfigurationPlatforms) = postSolution
		{616A9357-1AD0-4816-BCA9-848B75825B2D}.Debug|Any CPU.ActiveCfg = Debug|Any CPU
		{616A9357-1AD0-4816-BCA9-848B75825B2D}.Debug|Any CPU.Build.0 = Debug|Any CPU
		{616A9357-1AD0-4816-BCA9-848B75825B2D}.Release|Any CPU.ActiveCfg = Release|Any CPU
		{616A9357-1AD0-4816-BCA9-848B75825B2D}.Release|Any CPU.Build.0 = Release|Any CPU
		{314980E9-5445-496B-923D-F51CD034C0F3}.Debug|Any CPU.ActiveCfg = Debug|Any CPU
		{314980E9-5445-496B-923D-F51CD034C0F3}.Debug|Any CPU.Build.0 = Debug|Any CPU
		{314980E9-5445-496B-923D-F51CD034C0F3}.Release|Any CPU.ActiveCfg = Release|Any CPU
		{314980E9-5445-496B-923D-F51CD034C0F3}.Release|Any CPU.Build.0 = Release|Any CPU
	EndGlobalSection
	GlobalSection(SolutionProperties) = preSolution
		HideSolutionNode = FALSE
	EndGlobalSection
	GlobalSection(ExtensibilityGlobals) = postSolution
		SolutionGuid = {33EBE389-E813-4BEB-A46F-6050D488A8E8}
	EndGlobalSection
EndGlobal
