
Microsoft Visual Studio Solution File, Format Version 12.00
# Visual Studio Version 17
VisualStudioVersion = 17.0.31903.59
MinimumVisualStudioVersion = 10.0.40219.1
Project("{9A19103F-16F7-4668-BE54-9A1E7A4F7556}") = "WebNLog", "WebNLog\WebNLog.csproj", "{A22CB3DF-2177-41BA-9007-71EAFFA2E5D0}"
EndProject
Project("{FAE04EC0-301F-11D3-BF4B-00C04F79EFBC}") = "WebApi", "WebApi\WebApi.csproj", "{55F26D32-B129-41CB-A449-9DD0A91048B0}"
EndProject
Project("{FAE04EC0-301F-11D3-BF4B-00C04F79EFBC}") = "DongH.Tool", "DongH.Tool\DongH.Tool.csproj", "{A78B60E6-EDEA-4478-AF9C-D89F27CBC5A2}"
EndProject
Global
	GlobalSection(SolutionConfigurationPlatforms) = preSolution
		Debug|Any CPU = Debug|Any CPU
		Release|Any CPU = Release|Any CPU
	EndGlobalSection
	GlobalSection(ProjectConfigurationPlatforms) = postSolution
		{A22CB3DF-2177-41BA-9007-71EAFFA2E5D0}.Debug|Any CPU.ActiveCfg = Debug|Any CPU
		{A22CB3DF-2177-41BA-9007-71EAFFA2E5D0}.Debug|Any CPU.Build.0 = Debug|Any CPU
		{A22CB3DF-2177-41BA-9007-71EAFFA2E5D0}.Release|Any CPU.ActiveCfg = Release|Any CPU
		{A22CB3DF-2177-41BA-9007-71EAFFA2E5D0}.Release|Any CPU.Build.0 = Release|Any CPU
		{55F26D32-B129-41CB-A449-9DD0A91048B0}.Debug|Any CPU.ActiveCfg = Debug|Any CPU
		{55F26D32-B129-41CB-A449-9DD0A91048B0}.Debug|Any CPU.Build.0 = Debug|Any CPU
		{55F26D32-B129-41CB-A449-9DD0A91048B0}.Release|Any CPU.ActiveCfg = Release|Any CPU
		{55F26D32-B129-41CB-A449-9DD0A91048B0}.Release|Any CPU.Build.0 = Release|Any CPU
		{A78B60E6-EDEA-4478-AF9C-D89F27CBC5A2}.Debug|Any CPU.ActiveCfg = Debug|Any CPU
		{A78B60E6-EDEA-4478-AF9C-D89F27CBC5A2}.Debug|Any CPU.Build.0 = Debug|Any CPU
		{A78B60E6-EDEA-4478-AF9C-D89F27CBC5A2}.Release|Any CPU.ActiveCfg = Release|Any CPU
		{A78B60E6-EDEA-4478-AF9C-D89F27CBC5A2}.Release|Any CPU.Build.0 = Release|Any CPU
	EndGlobalSection
	GlobalSection(SolutionProperties) = preSolution
		HideSolutionNode = FALSE
	EndGlobalSection
	GlobalSection(ExtensibilityGlobals) = postSolution
		SolutionGuid = {5C9C5F78-DF91-4766-B0BA-A6F5C5C226DE}
	EndGlobalSection
EndGlobal
