
Microsoft Visual Studio Solution File, Format Version 12.00
# Visual Studio Version 17
VisualStudioVersion = 17.0.31521.260
MinimumVisualStudioVersion = 10.0.40219.1
Project("{9A19103F-16F7-4668-BE54-9A1E7A4F7556}") = "ConsoleApp", "ConsoleApp\ConsoleApp.csproj", "{C43F4935-5735-493E-A870-2D945C55B31B}"
EndProject
Project("{9A19103F-16F7-4668-BE54-9A1E7A4F7556}") = "ConsoleDBTest", "ConsoleDBTest\ConsoleDBTest.csproj", "{51CEB7DD-BDFC-4232-BBA1-80DCB818B68D}"
EndProject
Project("{9A19103F-16F7-4668-BE54-9A1E7A4F7556}") = "WebApi", "WebApi\WebApi.csproj", "{67F270B6-5A0E-4DF4-B5D1-5481E6CC3830}"
EndProject
Project("{9A19103F-16F7-4668-BE54-9A1E7A4F7556}") = "WebMVC", "WebMVC\WebMVC.csproj", "{7783C6F3-F39E-4436-9042-EF044199D571}"
EndProject
Project("{9A19103F-16F7-4668-BE54-9A1E7A4F7556}") = "UnitTest", "UnitTest\UnitTest.csproj", "{247D1383-DA3A-4566-B6E1-9451AF5B6D3A}"
EndProject
Project("{9A19103F-16F7-4668-BE54-9A1E7A4F7556}") = "LangResources", "LangResources\LangResources.csproj", "{EE027640-FB32-4919-96EC-643BE376591C}"
EndProject
Project("{9A19103F-16F7-4668-BE54-9A1E7A4F7556}") = "WebApi6_0", "WebApi6_0LTS\WebApi6_0.csproj", "{B9C2A9BE-0D92-4191-854D-CF98F1ACC835}"
EndProject
Project("{9A19103F-16F7-4668-BE54-9A1E7A4F7556}") = "Framework.Core", "Framework.Core\Framework.Core.csproj", "{81CF7CDB-054C-4215-B9A0-3BA661109BD7}"
EndProject
Project("{9A19103F-16F7-4668-BE54-9A1E7A4F7556}") = "Framework.Utility", "Framework.Utility\Framework.Utility.csproj", "{D67668D7-F890-4F21-B262-5CC0E2286E41}"
EndProject
Project("{9A19103F-16F7-4668-BE54-9A1E7A4F7556}") = "DH.Models", "DH.Models\DH.Models.csproj", "{263F896F-8046-41F6-9BA9-96FA71B267A8}"
EndProject
Project("{2150E333-8FDC-42A3-9474-1A3956D46DE8}") = "ApplicationService", "ApplicationService", "{C5EBB715-EF69-436B-BF42-D71915B6D0A7}"
EndProject
Project("{9A19103F-16F7-4668-BE54-9A1E7A4F7556}") = "DirectService.Admin", "DirectService.Admin\DirectService.Admin.csproj", "{464EA8C6-7F3D-4E86-83D7-BF10F9B7BDA0}"
EndProject
Project("{9A19103F-16F7-4668-BE54-9A1E7A4F7556}") = "DirectService.Test", "DirectService.Test\DirectService.Test.csproj", "{D044A96C-858D-4462-8BB4-A4FEEC314ACE}"
EndProject
Project("{9A19103F-16F7-4668-BE54-9A1E7A4F7556}") = "WebMVC6_0", "WebMVC6_0\WebMVC6_0.csproj", "{0E04B73B-9362-4956-8E13-C435B77A2331}"
EndProject
Project("{9A19103F-16F7-4668-BE54-9A1E7A4F7556}") = "Framework.EF", "Framework.EF\Framework.EF.csproj", "{A5165DD7-2779-4FCC-9634-32B43864B057}"
EndProject
Project("{9A19103F-16F7-4668-BE54-9A1E7A4F7556}") = "Framework.Cache", "Framework.Cache\Framework.Cache.csproj", "{6CBB4C6A-884D-4165-B38E-02B4C173468A}"
EndProject
Project("{9A19103F-16F7-4668-BE54-9A1E7A4F7556}") = "Framework.Mapper", "Framework.Mapper\Framework.Mapper.csproj", "{05E1818F-3355-4EFC-BA45-9786EF5CCDD0}"
EndProject
Project("{FAE04EC0-301F-11D3-BF4B-00C04F79EFBC}") = "Framework.Hangfire", "Framework.Hangfire\Framework.Hangfire.csproj", "{7C8A79C2-9386-4657-88DB-6F72EB45A526}"
EndProject
Global
	GlobalSection(SolutionConfigurationPlatforms) = preSolution
		Debug|Any CPU = Debug|Any CPU
		Release|Any CPU = Release|Any CPU
	EndGlobalSection
	GlobalSection(ProjectConfigurationPlatforms) = postSolution
		{C43F4935-5735-493E-A870-2D945C55B31B}.Debug|Any CPU.ActiveCfg = Debug|Any CPU
		{C43F4935-5735-493E-A870-2D945C55B31B}.Debug|Any CPU.Build.0 = Debug|Any CPU
		{C43F4935-5735-493E-A870-2D945C55B31B}.Release|Any CPU.ActiveCfg = Release|Any CPU
		{C43F4935-5735-493E-A870-2D945C55B31B}.Release|Any CPU.Build.0 = Release|Any CPU
		{51CEB7DD-BDFC-4232-BBA1-80DCB818B68D}.Debug|Any CPU.ActiveCfg = Debug|Any CPU
		{51CEB7DD-BDFC-4232-BBA1-80DCB818B68D}.Debug|Any CPU.Build.0 = Debug|Any CPU
		{51CEB7DD-BDFC-4232-BBA1-80DCB818B68D}.Release|Any CPU.ActiveCfg = Release|Any CPU
		{51CEB7DD-BDFC-4232-BBA1-80DCB818B68D}.Release|Any CPU.Build.0 = Release|Any CPU
		{67F270B6-5A0E-4DF4-B5D1-5481E6CC3830}.Debug|Any CPU.ActiveCfg = Debug|Any CPU
		{67F270B6-5A0E-4DF4-B5D1-5481E6CC3830}.Debug|Any CPU.Build.0 = Debug|Any CPU
		{67F270B6-5A0E-4DF4-B5D1-5481E6CC3830}.Release|Any CPU.ActiveCfg = Release|Any CPU
		{67F270B6-5A0E-4DF4-B5D1-5481E6CC3830}.Release|Any CPU.Build.0 = Release|Any CPU
		{7783C6F3-F39E-4436-9042-EF044199D571}.Debug|Any CPU.ActiveCfg = Debug|Any CPU
		{7783C6F3-F39E-4436-9042-EF044199D571}.Debug|Any CPU.Build.0 = Debug|Any CPU
		{7783C6F3-F39E-4436-9042-EF044199D571}.Release|Any CPU.ActiveCfg = Release|Any CPU
		{7783C6F3-F39E-4436-9042-EF044199D571}.Release|Any CPU.Build.0 = Release|Any CPU
		{247D1383-DA3A-4566-B6E1-9451AF5B6D3A}.Debug|Any CPU.ActiveCfg = Debug|Any CPU
		{247D1383-DA3A-4566-B6E1-9451AF5B6D3A}.Debug|Any CPU.Build.0 = Debug|Any CPU
		{247D1383-DA3A-4566-B6E1-9451AF5B6D3A}.Release|Any CPU.ActiveCfg = Release|Any CPU
		{247D1383-DA3A-4566-B6E1-9451AF5B6D3A}.Release|Any CPU.Build.0 = Release|Any CPU
		{EE027640-FB32-4919-96EC-643BE376591C}.Debug|Any CPU.ActiveCfg = Debug|Any CPU
		{EE027640-FB32-4919-96EC-643BE376591C}.Debug|Any CPU.Build.0 = Debug|Any CPU
		{EE027640-FB32-4919-96EC-643BE376591C}.Release|Any CPU.ActiveCfg = Release|Any CPU
		{EE027640-FB32-4919-96EC-643BE376591C}.Release|Any CPU.Build.0 = Release|Any CPU
		{B9C2A9BE-0D92-4191-854D-CF98F1ACC835}.Debug|Any CPU.ActiveCfg = Debug|Any CPU
		{B9C2A9BE-0D92-4191-854D-CF98F1ACC835}.Debug|Any CPU.Build.0 = Debug|Any CPU
		{B9C2A9BE-0D92-4191-854D-CF98F1ACC835}.Release|Any CPU.ActiveCfg = Release|Any CPU
		{B9C2A9BE-0D92-4191-854D-CF98F1ACC835}.Release|Any CPU.Build.0 = Release|Any CPU
		{81CF7CDB-054C-4215-B9A0-3BA661109BD7}.Debug|Any CPU.ActiveCfg = Debug|Any CPU
		{81CF7CDB-054C-4215-B9A0-3BA661109BD7}.Debug|Any CPU.Build.0 = Debug|Any CPU
		{81CF7CDB-054C-4215-B9A0-3BA661109BD7}.Release|Any CPU.ActiveCfg = Release|Any CPU
		{81CF7CDB-054C-4215-B9A0-3BA661109BD7}.Release|Any CPU.Build.0 = Release|Any CPU
		{D67668D7-F890-4F21-B262-5CC0E2286E41}.Debug|Any CPU.ActiveCfg = Debug|Any CPU
		{D67668D7-F890-4F21-B262-5CC0E2286E41}.Debug|Any CPU.Build.0 = Debug|Any CPU
		{D67668D7-F890-4F21-B262-5CC0E2286E41}.Release|Any CPU.ActiveCfg = Release|Any CPU
		{D67668D7-F890-4F21-B262-5CC0E2286E41}.Release|Any CPU.Build.0 = Release|Any CPU
		{263F896F-8046-41F6-9BA9-96FA71B267A8}.Debug|Any CPU.ActiveCfg = Debug|Any CPU
		{263F896F-8046-41F6-9BA9-96FA71B267A8}.Debug|Any CPU.Build.0 = Debug|Any CPU
		{263F896F-8046-41F6-9BA9-96FA71B267A8}.Release|Any CPU.ActiveCfg = Release|Any CPU
		{263F896F-8046-41F6-9BA9-96FA71B267A8}.Release|Any CPU.Build.0 = Release|Any CPU
		{464EA8C6-7F3D-4E86-83D7-BF10F9B7BDA0}.Debug|Any CPU.ActiveCfg = Debug|Any CPU
		{464EA8C6-7F3D-4E86-83D7-BF10F9B7BDA0}.Debug|Any CPU.Build.0 = Debug|Any CPU
		{464EA8C6-7F3D-4E86-83D7-BF10F9B7BDA0}.Release|Any CPU.ActiveCfg = Release|Any CPU
		{464EA8C6-7F3D-4E86-83D7-BF10F9B7BDA0}.Release|Any CPU.Build.0 = Release|Any CPU
		{D044A96C-858D-4462-8BB4-A4FEEC314ACE}.Debug|Any CPU.ActiveCfg = Debug|Any CPU
		{D044A96C-858D-4462-8BB4-A4FEEC314ACE}.Debug|Any CPU.Build.0 = Debug|Any CPU
		{D044A96C-858D-4462-8BB4-A4FEEC314ACE}.Release|Any CPU.ActiveCfg = Release|Any CPU
		{D044A96C-858D-4462-8BB4-A4FEEC314ACE}.Release|Any CPU.Build.0 = Release|Any CPU
		{0E04B73B-9362-4956-8E13-C435B77A2331}.Debug|Any CPU.ActiveCfg = Debug|Any CPU
		{0E04B73B-9362-4956-8E13-C435B77A2331}.Debug|Any CPU.Build.0 = Debug|Any CPU
		{0E04B73B-9362-4956-8E13-C435B77A2331}.Release|Any CPU.ActiveCfg = Release|Any CPU
		{0E04B73B-9362-4956-8E13-C435B77A2331}.Release|Any CPU.Build.0 = Release|Any CPU
		{A5165DD7-2779-4FCC-9634-32B43864B057}.Debug|Any CPU.ActiveCfg = Debug|Any CPU
		{A5165DD7-2779-4FCC-9634-32B43864B057}.Debug|Any CPU.Build.0 = Debug|Any CPU
		{A5165DD7-2779-4FCC-9634-32B43864B057}.Release|Any CPU.ActiveCfg = Release|Any CPU
		{A5165DD7-2779-4FCC-9634-32B43864B057}.Release|Any CPU.Build.0 = Release|Any CPU
		{6CBB4C6A-884D-4165-B38E-02B4C173468A}.Debug|Any CPU.ActiveCfg = Debug|Any CPU
		{6CBB4C6A-884D-4165-B38E-02B4C173468A}.Debug|Any CPU.Build.0 = Debug|Any CPU
		{6CBB4C6A-884D-4165-B38E-02B4C173468A}.Release|Any CPU.ActiveCfg = Release|Any CPU
		{6CBB4C6A-884D-4165-B38E-02B4C173468A}.Release|Any CPU.Build.0 = Release|Any CPU
		{05E1818F-3355-4EFC-BA45-9786EF5CCDD0}.Debug|Any CPU.ActiveCfg = Debug|Any CPU
		{05E1818F-3355-4EFC-BA45-9786EF5CCDD0}.Debug|Any CPU.Build.0 = Debug|Any CPU
		{05E1818F-3355-4EFC-BA45-9786EF5CCDD0}.Release|Any CPU.ActiveCfg = Release|Any CPU
		{05E1818F-3355-4EFC-BA45-9786EF5CCDD0}.Release|Any CPU.Build.0 = Release|Any CPU
		{7C8A79C2-9386-4657-88DB-6F72EB45A526}.Debug|Any CPU.ActiveCfg = Debug|Any CPU
		{7C8A79C2-9386-4657-88DB-6F72EB45A526}.Debug|Any CPU.Build.0 = Debug|Any CPU
		{7C8A79C2-9386-4657-88DB-6F72EB45A526}.Release|Any CPU.ActiveCfg = Release|Any CPU
		{7C8A79C2-9386-4657-88DB-6F72EB45A526}.Release|Any CPU.Build.0 = Release|Any CPU
	EndGlobalSection
	GlobalSection(SolutionProperties) = preSolution
		HideSolutionNode = FALSE
	EndGlobalSection
	GlobalSection(NestedProjects) = preSolution
		{464EA8C6-7F3D-4E86-83D7-BF10F9B7BDA0} = {C5EBB715-EF69-436B-BF42-D71915B6D0A7}
		{D044A96C-858D-4462-8BB4-A4FEEC314ACE} = {C5EBB715-EF69-436B-BF42-D71915B6D0A7}
	EndGlobalSection
	GlobalSection(ExtensibilityGlobals) = postSolution
		SolutionGuid = {F5EE3786-CE7B-45CE-984D-9DD332BA1030}
	EndGlobalSection
EndGlobal
