
Microsoft Visual Studio Solution File, Format Version 12.00
# Visual Studio Version 17
VisualStudioVersion = 17.0.32014.148
MinimumVisualStudioVersion = 10.0.40219.1
Project("{FAE04EC0-301F-11D3-BF4B-00C04F79EFBC}") = "DongHui.Oauth", "DongHui.Oauth\DongHui.Oauth.csproj", "{8DCF016B-844D-4093-A1BF-3C585A33B52D}"
EndProject
Project("{FAE04EC0-301F-11D3-BF4B-00C04F79EFBC}") = "DongHui.OAuth.Core", "DongHui.OAuth.Core\DongHui.OAuth.Core.csproj", "{F2080270-BBB1-44C9-948C-3ECAB9AAFA0F}"
EndProject
Project("{FAE04EC0-301F-11D3-BF4B-00C04F79EFBC}") = "DongHui.OAuth.Gitee", "DongHui.OAuth.Gitee\DongHui.OAuth.Gitee.csproj", "{50D9290C-4343-4019-B2D2-3CCFDA69BA85}"
EndProject
Global
	GlobalSection(SolutionConfigurationPlatforms) = preSolution
		Debug|Any CPU = Debug|Any CPU
		Release|Any CPU = Release|Any CPU
	EndGlobalSection
	GlobalSection(ProjectConfigurationPlatforms) = postSolution
		{8DCF016B-844D-4093-A1BF-3C585A33B52D}.Debug|Any CPU.ActiveCfg = Debug|Any CPU
		{8DCF016B-844D-4093-A1BF-3C585A33B52D}.Debug|Any CPU.Build.0 = Debug|Any CPU
		{8DCF016B-844D-4093-A1BF-3C585A33B52D}.Release|Any CPU.ActiveCfg = Release|Any CPU
		{8DCF016B-844D-4093-A1BF-3C585A33B52D}.Release|Any CPU.Build.0 = Release|Any CPU
		{F2080270-BBB1-44C9-948C-3ECAB9AAFA0F}.Debug|Any CPU.ActiveCfg = Debug|Any CPU
		{F2080270-BBB1-44C9-948C-3ECAB9AAFA0F}.Debug|Any CPU.Build.0 = Debug|Any CPU
		{F2080270-BBB1-44C9-948C-3ECAB9AAFA0F}.Release|Any CPU.ActiveCfg = Release|Any CPU
		{F2080270-BBB1-44C9-948C-3ECAB9AAFA0F}.Release|Any CPU.Build.0 = Release|Any CPU
		{50D9290C-4343-4019-B2D2-3CCFDA69BA85}.Debug|Any CPU.ActiveCfg = Debug|Any CPU
		{50D9290C-4343-4019-B2D2-3CCFDA69BA85}.Debug|Any CPU.Build.0 = Debug|Any CPU
		{50D9290C-4343-4019-B2D2-3CCFDA69BA85}.Release|Any CPU.ActiveCfg = Release|Any CPU
		{50D9290C-4343-4019-B2D2-3CCFDA69BA85}.Release|Any CPU.Build.0 = Release|Any CPU
	EndGlobalSection
	GlobalSection(SolutionProperties) = preSolution
		HideSolutionNode = FALSE
	EndGlobalSection
	GlobalSection(ExtensibilityGlobals) = postSolution
		SolutionGuid = {D41723A6-0790-4509-9D23-4FAC005BE972}
	EndGlobalSection
EndGlobal
